
Microsoft Visual Studio Solution File, Format Version 12.00
# Visual Studio Version 17
VisualStudioVersion = 17.4.33213.308
MinimumVisualStudioVersion = 10.0.40219.1
Project("{9A19103F-16F7-4668-BE54-9A1E7A4F7556}") = "Linxya.Payment.Monetico", "src\Linxya.Payment.Monetico.csproj", "{63B7571F-39AD-47B2-92B5-221FE0EC6FC4}"
EndProject
Global
	GlobalSection(SolutionConfigurationPlatforms) = preSolution
		Debug|Any CPU = Debug|Any CPU
		Release|Any CPU = Release|Any CPU
	EndGlobalSection
	GlobalSection(ProjectConfigurationPlatforms) = postSolution
		{63B7571F-39AD-47B2-92B5-221FE0EC6FC4}.Debug|Any CPU.ActiveCfg = Debug|Any CPU
		{63B7571F-39AD-47B2-92B5-221FE0EC6FC4}.Debug|Any CPU.Build.0 = Debug|Any CPU
		{63B7571F-39AD-47B2-92B5-221FE0EC6FC4}.Release|Any CPU.ActiveCfg = Release|Any CPU
		{63B7571F-39AD-47B2-92B5-221FE0EC6FC4}.Release|Any CPU.Build.0 = Release|Any CPU
	EndGlobalSection
	GlobalSection(SolutionProperties) = preSolution
		HideSolutionNode = FALSE
	EndGlobalSection
	GlobalSection(ExtensibilityGlobals) = postSolution
		SolutionGuid = {A50A13DA-FB59-403C-BFB5-985244FA7C5D}
	EndGlobalSection
EndGlobal
